Microsoft Visual Studio Solution File, Format Version 12.00
# Visual Studio Version 16
VisualStudioVersion = 16.0.0.0
MinimumVisualStudioVersion = 16.0.0.0
Project("{9A19103F-16F7-4668-BE54-9A1E7A4F7556}") = "SecretSanta", "SecretSanta\SecretSanta.csproj", "{D0E5ABE7-38A5-48C5-914F-168D7723AA8C}"
EndProject
Project("{9A19103F-16F7-4668-BE54-9A1E7A4F7556}") = "SecretSanta.Client", "SecretSanta.Client\SecretSanta.Client.csproj", "{646D67E5-7BCB-4B58-BF14-A6CE8981BAB5}"
EndProject
Global
	GlobalSection(SolutionConfigurationPlatforms) = preSolution
		Debug|Any CPU = Debug|Any CPU
		Debug|x64 = Debug|x64
		Debug|x86 = Debug|x86
		Release|Any CPU = Release|Any CPU
		Release|x64 = Release|x64
		Release|x86 = Release|x86
	EndGlobalSection
	GlobalSection(ProjectConfigurationPlatforms) = postSolution
		{646D67E5-7BCB-4B58-BF14-A6CE8981BAB5}.Debug|Any CPU.ActiveCfg = Debug|Any CPU
		{646D67E5-7BCB-4B58-BF14-A6CE8981BAB5}.Debug|Any CPU.Build.0 = Debug|Any CPU
		{646D67E5-7BCB-4B58-BF14-A6CE8981BAB5}.Debug|x64.ActiveCfg = Debug|Any CPU
		{646D67E5-7BCB-4B58-BF14-A6CE8981BAB5}.Debug|x64.Build.0 = Debug|Any CPU
		{646D67E5-7BCB-4B58-BF14-A6CE8981BAB5}.Debug|x86.ActiveCfg = Debug|Any CPU
		{646D67E5-7BCB-4B58-BF14-A6CE8981BAB5}.Debug|x86.Build.0 = Debug|Any CPU
		{646D67E5-7BCB-4B58-BF14-A6CE8981BAB5}.Release|Any CPU.ActiveCfg = Release|Any CPU
		{646D67E5-7BCB-4B58-BF14-A6CE8981BAB5}.Release|Any CPU.Build.0 = Release|Any CPU
		{646D67E5-7BCB-4B58-BF14-A6CE8981BAB5}.Release|x64.ActiveCfg = Release|Any CPU
		{646D67E5-7BCB-4B58-BF14-A6CE8981BAB5}.Release|x64.Build.0 = Release|Any CPU
		{646D67E5-7BCB-4B58-BF14-A6CE8981BAB5}.Release|x86.ActiveCfg = Release|Any CPU
		{646D67E5-7BCB-4B58-BF14-A6CE8981BAB5}.Release|x86.Build.0 = Release|Any CPU
		{D0E5ABE7-38A5-48C5-914F-168D7723AA8C}.Debug|Any CPU.ActiveCfg = Debug|Any CPU
		{D0E5ABE7-38A5-48C5-914F-168D7723AA8C}.Debug|Any CPU.Build.0 = Debug|Any CPU
		{D0E5ABE7-38A5-48C5-914F-168D7723AA8C}.Debug|x64.ActiveCfg = Debug|Any CPU
		{D0E5ABE7-38A5-48C5-914F-168D7723AA8C}.Debug|x64.Build.0 = Debug|Any CPU
		{D0E5ABE7-38A5-48C5-914F-168D7723AA8C}.Debug|x86.ActiveCfg = Debug|Any CPU
		{D0E5ABE7-38A5-48C5-914F-168D7723AA8C}.Debug|x86.Build.0 = Debug|Any CPU
		{D0E5ABE7-38A5-48C5-914F-168D7723AA8C}.Release|Any CPU.ActiveCfg = Release|Any CPU
		{D0E5ABE7-38A5-48C5-914F-168D7723AA8C}.Release|Any CPU.Build.0 = Release|Any CPU
		{D0E5ABE7-38A5-48C5-914F-168D7723AA8C}.Release|x64.ActiveCfg = Release|Any CPU
		{D0E5ABE7-38A5-48C5-914F-168D7723AA8C}.Release|x64.Build.0 = Release|Any CPU
		{D0E5ABE7-38A5-48C5-914F-168D7723AA8C}.Release|x86.ActiveCfg = Release|Any CPU
		{D0E5ABE7-38A5-48C5-914F-168D7723AA8C}.Release|x86.Build.0 = Release|Any CPU
	EndGlobalSection
	GlobalSection(SolutionProperties) = preSolution
		HideSolutionNode = FALSE
	EndGlobalSection
	GlobalSection(ExtensibilityGlobals) = postSolution
		SolutionGuid = {6C038FD4-151C-4389-8567-719CC513995D}
	EndGlobalSection
EndGlobal
